
Microsoft Visual Studio Solution File, Format Version 12.00
# Visual Studio Version 17
VisualStudioVersion = 17.9.34607.119
MinimumVisualStudioVersion = 10.0.40219.1
Project("{FAE04EC0-301F-11D3-BF4B-00C04F79EFBC}") = "6 soft 2 calc", "6 soft 2 calc\6 soft 2 calc.csproj", "{2AB841DF-F490-4E32-ABBE-E020503B2126}"
EndProject
Global
	GlobalSection(SolutionConfigurationPlatforms) = preSolution
		Debug|Any CPU = Debug|Any CPU
		Release|Any CPU = Release|Any CPU
	EndGlobalSection
	GlobalSection(ProjectConfigurationPlatforms) = postSolution
		{2AB841DF-F490-4E32-ABBE-E020503B2126}.Debug|Any CPU.ActiveCfg = Debug|Any CPU
		{2AB841DF-F490-4E32-ABBE-E020503B2126}.Debug|Any CPU.Build.0 = Debug|Any CPU
		{2AB841DF-F490-4E32-ABBE-E020503B2126}.Release|Any CPU.ActiveCfg = Release|Any CPU
		{2AB841DF-F490-4E32-ABBE-E020503B2126}.Release|Any CPU.Build.0 = Release|Any CPU
	EndGlobalSection
	GlobalSection(SolutionProperties) = preSolution
		HideSolutionNode = FALSE
	EndGlobalSection
	GlobalSection(ExtensibilityGlobals) = postSolution
		SolutionGuid = {EBB42446-6B2A-4FB5-AA0D-999854BD6902}
	EndGlobalSection
EndGlobal
